
Microsoft Visual Studio Solution File, Format Version 12.00
# Visual Studio Version 17
VisualStudioVersion = 17.2.32616.157
MinimumVisualStudioVersion = 10.0.40219.1
Project("{9A19103F-16F7-4668-BE54-9A1E7A4F7556}") = "01.02.Middleware", "01.02.Middleware\01.02.Middleware.csproj", "{DFBFE8B0-39D4-4FA3-9BBF-F6A664C6ACC3}"
EndProject
Project("{9A19103F-16F7-4668-BE54-9A1E7A4F7556}") = "01.01.BasicsASPNETCore", "01.01.BasicsASPNETCore\01.01.BasicsASPNETCore.csproj", "{B8F7F7F2-588A-4320-B48D-775A83664621}"
EndProject
Project("{9A19103F-16F7-4668-BE54-9A1E7A4F7556}") = "01.03.MethodRun", "01.03.MethodRun\01.03.MethodRun.csproj", "{4FC49C4D-0F82-49A5-A84F-447A8DAB2EFE}"
EndProject
Project("{9A19103F-16F7-4668-BE54-9A1E7A4F7556}") = "01.04.HttpResponse", "01.04.HttpResponse\01.04.HttpResponse.csproj", "{C45A4CB0-DA40-4BD4-9BBD-86F52ADD6AE3}"
EndProject
Project("{9A19103F-16F7-4668-BE54-9A1E7A4F7556}") = "01.05.HttpRequest", "01.05.HttpRequest\01.05.HttpRequest.csproj", "{D1A348F2-8148-4ABA-A83B-E6F45DCCBF6E}"
EndProject
Project("{9A19103F-16F7-4668-BE54-9A1E7A4F7556}") = "01.06.SendFileAsync", "01.06.SendFileAsync\01.06.SendFileAsync.csproj", "{6A273DAA-3431-4B55-83B5-572C7B440C15}"
EndProject
Project("{9A19103F-16F7-4668-BE54-9A1E7A4F7556}") = "01.07.HttpRequestForm", "01.07.HttpRequestForm\01.07.HttpRequestForm.csproj", "{8B0B3FF8-04B3-4D59-B0BC-0EC31AFD90F5}"
EndProject
Project("{9A19103F-16F7-4668-BE54-9A1E7A4F7556}") = "01.08.HttpResponseRedirect", "01.08.HttpResponseRedirect\01.08.HttpResponseRedirect.csproj", "{5C7EDFB1-C76B-4F31-A771-AC301513CC88}"
EndProject
Project("{9A19103F-16F7-4668-BE54-9A1E7A4F7556}") = "01.09.WriteAsJson", "01.09.WriteAsJson\01.09.WriteAsJson.csproj", "{3B4482B6-71BD-45A9-9654-2B6DAD9C07C9}"
EndProject
Project("{9A19103F-16F7-4668-BE54-9A1E7A4F7556}") = "01.10.WebAPI", "01.10.WebAPI\01.10.WebAPI.csproj", "{88FBF0F2-9A53-499F-9BB1-42FA98063850}"
EndProject
Project("{9A19103F-16F7-4668-BE54-9A1E7A4F7556}") = "01.11.IFormFile", "01.11.IFormFile\01.11.IFormFile.csproj", "{D7D999FD-001D-4DEC-85AA-5C432D0AC13D}"
EndProject
Project("{9A19103F-16F7-4668-BE54-9A1E7A4F7556}") = "01.12.Use", "01.12.Use\01.12.Use.csproj", "{993F314E-0718-42EF-B631-A0E9A0976D6D}"
EndProject
Project("{9A19103F-16F7-4668-BE54-9A1E7A4F7556}") = "01.13.UseWhenMapWhen", "01.13.UseWhenMapWhen\01.13.UseWhenMapWhen.csproj", "{904ECFAE-106F-4DA9-935E-AD5656FEE166}"
EndProject
Project("{9A19103F-16F7-4668-BE54-9A1E7A4F7556}") = "01.14.Map", "01.14.Map\01.14.Map.csproj", "{5DCF9125-7C3C-4EF5-B596-05C968D708CF}"
EndProject
Project("{9A19103F-16F7-4668-BE54-9A1E7A4F7556}") = "01.15.MiddlewareClasses", "01.15.MiddlewareClasses\01.15.MiddlewareClasses.csproj", "{5B80211E-2800-4D3F-B940-AE8E8626BCC1}"
EndProject
Project("{9A19103F-16F7-4668-BE54-9A1E7A4F7556}") = "01.16.RoutingMiddleware", "01.16.RoutingMiddleware\01.16.RoutingMiddleware.csproj", "{EC1583DA-5437-4C84-BF4B-7F3BB728F6C8}"
EndProject
Project("{2150E333-8FDC-42A3-9474-1A3956D46DE8}") = "01. ASP.NET core Basics", "01. ASP.NET core Basics", "{DC7E36F1-B617-456F-BADF-4B5E80E1AAF0}"
EndProject
Project("{9A19103F-16F7-4668-BE54-9A1E7A4F7556}") = "01.17.IWebHostEnvironment", "01.17.IWebHostEnvironment\01.17.IWebHostEnvironment.csproj", "{E5B91C9B-8CA2-4C80-B732-2E0BECDD2706}"
EndProject
Project("{2150E333-8FDC-42A3-9474-1A3956D46DE8}") = "02.Dependency Injection", "02.Dependency Injection", "{BADEFE3C-AD96-4A95-9F3F-CB67A8F3C627}"
EndProject
Project("{9A19103F-16F7-4668-BE54-9A1E7A4F7556}") = "02.01.ServicesIServiceCollection", "02.01.ServicesIServiceCollection\02.01.ServicesIServiceCollection.csproj", "{D41A1A28-E586-486B-BB67-A7742A3C4747}"
EndProject
Project("{9A19103F-16F7-4668-BE54-9A1E7A4F7556}") = "02.02.CreateServices", "02.02.CreateServices\02.02.CreateServices.csproj", "{CF4BDF34-AED0-43A7-96E5-6327B423278F}"
EndProject
Project("{9A19103F-16F7-4668-BE54-9A1E7A4F7556}") = "02.03.GetDependencyIServiceProvider", "02.03.GetDependencyIServiceProvider\02.03.GetDependencyIServiceProvider.csproj", "{735949C7-F4B8-4A3D-84E2-65582F488EF0}"
EndProject
Project("{9A19103F-16F7-4668-BE54-9A1E7A4F7556}") = "02.04.AddTransientScopedSingleton", "02.04.AddTransientScopedSingleton\02.04.AddTransientScopedSingleton.csproj", "{DA9F171A-41F9-4A69-8258-D6DE5E7743A8}"
EndProject
Project("{9A19103F-16F7-4668-BE54-9A1E7A4F7556}") = "02.05.ApplicationServices", "02.05.ApplicationServices\02.05.ApplicationServices.csproj", "{F9CD3502-6261-4565-A4FC-80655464E6E5}"
EndProject
Project("{9A19103F-16F7-4668-BE54-9A1E7A4F7556}") = "02.06.ScopedServicesInSingletonObjects", "02.06.ScopedServicesInSingletonObjects\02.06.ScopedServicesInSingletonObjects.csproj", "{520B83F4-41F8-42FD-A92C-1C06F436FD50}"
EndProject
Project("{9A19103F-16F7-4668-BE54-9A1E7A4F7556}") = "02.07.MultyRegServices", "02.07.MultyRegServices\02.07.MultyRegServices.csproj", "{A5AC0D66-B072-4D98-8BD4-D0C5EE2E3B15}"
EndProject
Project("{2150E333-8FDC-42A3-9474-1A3956D46DE8}") = "03.Microsoft.AspNetCore.Routing", "03.Microsoft.AspNetCore.Routing", "{109FBFDD-6C75-44F5-B94E-BF2945F4048D}"
EndProject
Project("{9A19103F-16F7-4668-BE54-9A1E7A4F7556}") = "03.01.Endpoint", "03.01.Endpoint\03.01.Endpoint.csproj", "{44EF6BB2-DE29-41D7-A612-3133905A87B0}"
EndProject
Project("{9A19103F-16F7-4668-BE54-9A1E7A4F7556}") = "03.02.RoutingParams", "03.02.RoutingParams\03.02.RoutingParams.csproj", "{277FC8B1-0EF6-47A8-A8CD-FECAAFFAD5CB}"
EndProject
Project("{9A19103F-16F7-4668-BE54-9A1E7A4F7556}") = "03.03.RouteConstraints", "03.03.RouteConstraints\03.03.RouteConstraints.csproj", "{44182F24-B541-408A-AF5B-7E6D26EBBD2F}"
EndProject
Project("{9A19103F-16F7-4668-BE54-9A1E7A4F7556}") = "03.04.IRouteConstraint", "03.04.IRouteConstraint\03.04.IRouteConstraint.csproj", "{15F43754-1F43-4ED3-BC24-DFD31A08CCDF}"
EndProject
Project("{9A19103F-16F7-4668-BE54-9A1E7A4F7556}") = "03.05.DependencyToEndpoints", "03.05.DependencyToEndpoints\03.05.DependencyToEndpoints.csproj", "{118649AC-9246-4B82-AAD9-127514480F61}"
EndProject
Project("{9A19103F-16F7-4668-BE54-9A1E7A4F7556}") = "03.06.URLmatching", "03.06.URLmatching\03.06.URLmatching.csproj", "{E9CA25E0-8ED4-4FD5-A2DE-4D935DCB69BE}"
EndProject
Project("{9A19103F-16F7-4668-BE54-9A1E7A4F7556}") = "03.07.Microsoft.AspNetCore.Routing.EndpointRoutingMiddleware", "03.07.Microsoft.AspNetCore.Routing.EndpointRoutingMiddleware\03.07.Microsoft.AspNetCore.Routing.EndpointRoutingMiddleware.csproj", "{8996F3D2-1A45-41D9-A0D5-C690D97A3B91}"
EndProject
Project("{2150E333-8FDC-42A3-9474-1A3956D46DE8}") = "04.StaticFiles", "04.StaticFiles", "{A88EAD69-9AD3-4463-BE74-30EE94C7E516}"
EndProject
Project("{9A19103F-16F7-4668-BE54-9A1E7A4F7556}") = "04.01.UseStaticFiles", "04.01.UseStaticFiles\04.01.UseStaticFiles.csproj", "{695E6F73-7932-44FA-9678-B46CD6589C96}"
EndProject
Project("{9A19103F-16F7-4668-BE54-9A1E7A4F7556}") = "04.02.UseStaticFiles", "04.02.UseStaticFiles\04.02.UseStaticFiles.csproj", "{F4BFF589-D99D-48A3-89EB-186C708211F8}"
EndProject
Project("{2150E333-8FDC-42A3-9474-1A3956D46DE8}") = "05.Configuration", "05.Configuration", "{2001E3BE-37C5-42DB-997E-0427600793D2}"
EndProject
Project("{9A19103F-16F7-4668-BE54-9A1E7A4F7556}") = "05.01.ConfigurationBasics", "05.01.ConfigurationBasics\05.01.ConfigurationBasics.csproj", "{A2FBFAA6-4DE9-4E3B-9A32-FF3B65BD3C75}"
EndProject
Project("{9A19103F-16F7-4668-BE54-9A1E7A4F7556}") = "05.02.NonfIleProvidersConfiguration", "05.02.NonfIleProvidersConfiguration\05.02.NonfIleProvidersConfiguration.csproj", "{C01D2AA0-4AC1-4FE6-9A60-B844C61927A6}"
EndProject
Project("{9A19103F-16F7-4668-BE54-9A1E7A4F7556}") = "05.03.ConfigurationInJsonXMLIni", "05.03.ConfigurationInJsonXMLIni\05.03.ConfigurationInJsonXMLIni.csproj", "{53C79531-3F34-4489-B739-B85A67C28557}"
EndProject
Project("{9A19103F-16F7-4668-BE54-9A1E7A4F7556}") = "05.04.DefaultConfigurationAndUnion", "05.04.DefaultConfigurationAndUnion\05.04.DefaultConfigurationAndUnion.csproj", "{8851BD0D-48D0-4E47-A696-E8DEA5CDEF3E}"
EndProject
Project("{9A19103F-16F7-4668-BE54-9A1E7A4F7556}") = "05.05.ConfigurationAnalysis", "05.05.ConfigurationAnalysis\05.05.ConfigurationAnalysis.csproj", "{1D1D6A28-B411-4E31-9CDD-78B645F919D9}"
EndProject
Project("{9A19103F-16F7-4668-BE54-9A1E7A4F7556}") = "05.06.CreateConfigurationProvider", "05.06.CreateConfigurationProvider\05.06.CreateConfigurationProvider.csproj", "{A003CE4A-2835-4E88-B350-F0FB4CDB0633}"
EndProject
Project("{9A19103F-16F7-4668-BE54-9A1E7A4F7556}") = "05.07.ConfigurationBind", "05.07.ConfigurationBind\05.07.ConfigurationBind.csproj", "{059086FE-BCB8-4EFD-B652-F8F71C0AE547}"
EndProject
Project("{9A19103F-16F7-4668-BE54-9A1E7A4F7556}") = "05.08.IOptions", "05.08.IOptions\05.08.IOptions.csproj", "{5EADE1A4-3D42-4987-8D11-87D98C0CAF05}"
EndProject
Project("{2150E333-8FDC-42A3-9474-1A3956D46DE8}") = "06.Logging", "06.Logging", "{1DA71CFD-3CDC-4B89-8711-5B39AFD32E3A}"
EndProject
Project("{9A19103F-16F7-4668-BE54-9A1E7A4F7556}") = "06.01.ILogger", "06.01.ILogger\06.01.ILogger.csproj", "{1BA1BEF8-5F5D-43C0-AA3F-A87D2824E1BE}"
EndProject
Project("{FAE04EC0-301F-11D3-BF4B-00C04F79EFBC}") = "06.02.LoggerFactory", "06.02.LoggerFactory\06.02.LoggerFactory.csproj", "{2B8D7AFF-B964-4EA2-A449-2078207D38CB}"
EndProject
Project("{FAE04EC0-301F-11D3-BF4B-00C04F79EFBC}") = "06.03.LoggingConfiguration", "06.03.LoggingConfiguration\06.03.LoggingConfiguration.csproj", "{C5D9564C-3F38-457A-A488-FCAA84697945}"
EndProject
Project("{FAE04EC0-301F-11D3-BF4B-00C04F79EFBC}") = "06.04.CreateLoggerProvider", "06.04.CreateLoggerProvider\06.04.CreateLoggerProvider.csproj", "{CC4ADDB4-8FD9-4416-AC41-F529FFC666BE}"
EndProject
Global
	GlobalSection(SolutionConfigurationPlatforms) = preSolution
		Debug|Any CPU = Debug|Any CPU
		Release|Any CPU = Release|Any CPU
	EndGlobalSection
	GlobalSection(ProjectConfigurationPlatforms) = postSolution
		{DFBFE8B0-39D4-4FA3-9BBF-F6A664C6ACC3}.Debug|Any CPU.ActiveCfg = Debug|Any CPU
		{DFBFE8B0-39D4-4FA3-9BBF-F6A664C6ACC3}.Debug|Any CPU.Build.0 = Debug|Any CPU
		{DFBFE8B0-39D4-4FA3-9BBF-F6A664C6ACC3}.Release|Any CPU.ActiveCfg = Release|Any CPU
		{DFBFE8B0-39D4-4FA3-9BBF-F6A664C6ACC3}.Release|Any CPU.Build.0 = Release|Any CPU
		{B8F7F7F2-588A-4320-B48D-775A83664621}.Debug|Any CPU.ActiveCfg = Debug|Any CPU
		{B8F7F7F2-588A-4320-B48D-775A83664621}.Debug|Any CPU.Build.0 = Debug|Any CPU
		{B8F7F7F2-588A-4320-B48D-775A83664621}.Release|Any CPU.ActiveCfg = Release|Any CPU
		{B8F7F7F2-588A-4320-B48D-775A83664621}.Release|Any CPU.Build.0 = Release|Any CPU
		{4FC49C4D-0F82-49A5-A84F-447A8DAB2EFE}.Debug|Any CPU.ActiveCfg = Debug|Any CPU
		{4FC49C4D-0F82-49A5-A84F-447A8DAB2EFE}.Debug|Any CPU.Build.0 = Debug|Any CPU
		{4FC49C4D-0F82-49A5-A84F-447A8DAB2EFE}.Release|Any CPU.ActiveCfg = Release|Any CPU
		{4FC49C4D-0F82-49A5-A84F-447A8DAB2EFE}.Release|Any CPU.Build.0 = Release|Any CPU
		{C45A4CB0-DA40-4BD4-9BBD-86F52ADD6AE3}.Debug|Any CPU.ActiveCfg = Debug|Any CPU
		{C45A4CB0-DA40-4BD4-9BBD-86F52ADD6AE3}.Debug|Any CPU.Build.0 = Debug|Any CPU
		{C45A4CB0-DA40-4BD4-9BBD-86F52ADD6AE3}.Release|Any CPU.ActiveCfg = Release|Any CPU
		{C45A4CB0-DA40-4BD4-9BBD-86F52ADD6AE3}.Release|Any CPU.Build.0 = Release|Any CPU
		{D1A348F2-8148-4ABA-A83B-E6F45DCCBF6E}.Debug|Any CPU.ActiveCfg = Debug|Any CPU
		{D1A348F2-8148-4ABA-A83B-E6F45DCCBF6E}.Debug|Any CPU.Build.0 = Debug|Any CPU
		{D1A348F2-8148-4ABA-A83B-E6F45DCCBF6E}.Release|Any CPU.ActiveCfg = Release|Any CPU
		{D1A348F2-8148-4ABA-A83B-E6F45DCCBF6E}.Release|Any CPU.Build.0 = Release|Any CPU
		{6A273DAA-3431-4B55-83B5-572C7B440C15}.Debug|Any CPU.ActiveCfg = Debug|Any CPU
		{6A273DAA-3431-4B55-83B5-572C7B440C15}.Debug|Any CPU.Build.0 = Debug|Any CPU
		{6A273DAA-3431-4B55-83B5-572C7B440C15}.Release|Any CPU.ActiveCfg = Release|Any CPU
		{6A273DAA-3431-4B55-83B5-572C7B440C15}.Release|Any CPU.Build.0 = Release|Any CPU
		{8B0B3FF8-04B3-4D59-B0BC-0EC31AFD90F5}.Debug|Any CPU.ActiveCfg = Debug|Any CPU
		{8B0B3FF8-04B3-4D59-B0BC-0EC31AFD90F5}.Debug|Any CPU.Build.0 = Debug|Any CPU
		{8B0B3FF8-04B3-4D59-B0BC-0EC31AFD90F5}.Release|Any CPU.ActiveCfg = Release|Any CPU
		{8B0B3FF8-04B3-4D59-B0BC-0EC31AFD90F5}.Release|Any CPU.Build.0 = Release|Any CPU
		{5C7EDFB1-C76B-4F31-A771-AC301513CC88}.Debug|Any CPU.ActiveCfg = Debug|Any CPU
		{5C7EDFB1-C76B-4F31-A771-AC301513CC88}.Debug|Any CPU.Build.0 = Debug|Any CPU
		{5C7EDFB1-C76B-4F31-A771-AC301513CC88}.Release|Any CPU.ActiveCfg = Release|Any CPU
		{5C7EDFB1-C76B-4F31-A771-AC301513CC88}.Release|Any CPU.Build.0 = Release|Any CPU
		{3B4482B6-71BD-45A9-9654-2B6DAD9C07C9}.Debug|Any CPU.ActiveCfg = Debug|Any CPU
		{3B4482B6-71BD-45A9-9654-2B6DAD9C07C9}.Debug|Any CPU.Build.0 = Debug|Any CPU
		{3B4482B6-71BD-45A9-9654-2B6DAD9C07C9}.Release|Any CPU.ActiveCfg = Release|Any CPU
		{3B4482B6-71BD-45A9-9654-2B6DAD9C07C9}.Release|Any CPU.Build.0 = Release|Any CPU
		{88FBF0F2-9A53-499F-9BB1-42FA98063850}.Debug|Any CPU.ActiveCfg = Debug|Any CPU
		{88FBF0F2-9A53-499F-9BB1-42FA98063850}.Debug|Any CPU.Build.0 = Debug|Any CPU
		{88FBF0F2-9A53-499F-9BB1-42FA98063850}.Release|Any CPU.ActiveCfg = Release|Any CPU
		{88FBF0F2-9A53-499F-9BB1-42FA98063850}.Release|Any CPU.Build.0 = Release|Any CPU
		{D7D999FD-001D-4DEC-85AA-5C432D0AC13D}.Debug|Any CPU.ActiveCfg = Debug|Any CPU
		{D7D999FD-001D-4DEC-85AA-5C432D0AC13D}.Debug|Any CPU.Build.0 = Debug|Any CPU
		{D7D999FD-001D-4DEC-85AA-5C432D0AC13D}.Release|Any CPU.ActiveCfg = Release|Any CPU
		{D7D999FD-001D-4DEC-85AA-5C432D0AC13D}.Release|Any CPU.Build.0 = Release|Any CPU
		{993F314E-0718-42EF-B631-A0E9A0976D6D}.Debug|Any CPU.ActiveCfg = Debug|Any CPU
		{993F314E-0718-42EF-B631-A0E9A0976D6D}.Debug|Any CPU.Build.0 = Debug|Any CPU
		{993F314E-0718-42EF-B631-A0E9A0976D6D}.Release|Any CPU.ActiveCfg = Release|Any CPU
		{993F314E-0718-42EF-B631-A0E9A0976D6D}.Release|Any CPU.Build.0 = Release|Any CPU
		{904ECFAE-106F-4DA9-935E-AD5656FEE166}.Debug|Any CPU.ActiveCfg = Debug|Any CPU
		{904ECFAE-106F-4DA9-935E-AD5656FEE166}.Debug|Any CPU.Build.0 = Debug|Any CPU
		{904ECFAE-106F-4DA9-935E-AD5656FEE166}.Release|Any CPU.ActiveCfg = Release|Any CPU
		{904ECFAE-106F-4DA9-935E-AD5656FEE166}.Release|Any CPU.Build.0 = Release|Any CPU
		{5DCF9125-7C3C-4EF5-B596-05C968D708CF}.Debug|Any CPU.ActiveCfg = Debug|Any CPU
		{5DCF9125-7C3C-4EF5-B596-05C968D708CF}.Debug|Any CPU.Build.0 = Debug|Any CPU
		{5DCF9125-7C3C-4EF5-B596-05C968D708CF}.Release|Any CPU.ActiveCfg = Release|Any CPU
		{5DCF9125-7C3C-4EF5-B596-05C968D708CF}.Release|Any CPU.Build.0 = Release|Any CPU
		{5B80211E-2800-4D3F-B940-AE8E8626BCC1}.Debug|Any CPU.ActiveCfg = Debug|Any CPU
		{5B80211E-2800-4D3F-B940-AE8E8626BCC1}.Debug|Any CPU.Build.0 = Debug|Any CPU
		{5B80211E-2800-4D3F-B940-AE8E8626BCC1}.Release|Any CPU.ActiveCfg = Release|Any CPU
		{5B80211E-2800-4D3F-B940-AE8E8626BCC1}.Release|Any CPU.Build.0 = Release|Any CPU
		{EC1583DA-5437-4C84-BF4B-7F3BB728F6C8}.Debug|Any CPU.ActiveCfg = Debug|Any CPU
		{EC1583DA-5437-4C84-BF4B-7F3BB728F6C8}.Debug|Any CPU.Build.0 = Debug|Any CPU
		{EC1583DA-5437-4C84-BF4B-7F3BB728F6C8}.Release|Any CPU.ActiveCfg = Release|Any CPU
		{EC1583DA-5437-4C84-BF4B-7F3BB728F6C8}.Release|Any CPU.Build.0 = Release|Any CPU
		{E5B91C9B-8CA2-4C80-B732-2E0BECDD2706}.Debug|Any CPU.ActiveCfg = Debug|Any CPU
		{E5B91C9B-8CA2-4C80-B732-2E0BECDD2706}.Debug|Any CPU.Build.0 = Debug|Any CPU
		{E5B91C9B-8CA2-4C80-B732-2E0BECDD2706}.Release|Any CPU.ActiveCfg = Release|Any CPU
		{E5B91C9B-8CA2-4C80-B732-2E0BECDD2706}.Release|Any CPU.Build.0 = Release|Any CPU
		{D41A1A28-E586-486B-BB67-A7742A3C4747}.Debug|Any CPU.ActiveCfg = Debug|Any CPU
		{D41A1A28-E586-486B-BB67-A7742A3C4747}.Debug|Any CPU.Build.0 = Debug|Any CPU
		{D41A1A28-E586-486B-BB67-A7742A3C4747}.Release|Any CPU.ActiveCfg = Release|Any CPU
		{D41A1A28-E586-486B-BB67-A7742A3C4747}.Release|Any CPU.Build.0 = Release|Any CPU
		{CF4BDF34-AED0-43A7-96E5-6327B423278F}.Debug|Any CPU.ActiveCfg = Debug|Any CPU
		{CF4BDF34-AED0-43A7-96E5-6327B423278F}.Debug|Any CPU.Build.0 = Debug|Any CPU
		{CF4BDF34-AED0-43A7-96E5-6327B423278F}.Release|Any CPU.ActiveCfg = Release|Any CPU
		{CF4BDF34-AED0-43A7-96E5-6327B423278F}.Release|Any CPU.Build.0 = Release|Any CPU
		{735949C7-F4B8-4A3D-84E2-65582F488EF0}.Debug|Any CPU.ActiveCfg = Debug|Any CPU
		{735949C7-F4B8-4A3D-84E2-65582F488EF0}.Debug|Any CPU.Build.0 = Debug|Any CPU
		{735949C7-F4B8-4A3D-84E2-65582F488EF0}.Release|Any CPU.ActiveCfg = Release|Any CPU
		{735949C7-F4B8-4A3D-84E2-65582F488EF0}.Release|Any CPU.Build.0 = Release|Any CPU
		{DA9F171A-41F9-4A69-8258-D6DE5E7743A8}.Debug|Any CPU.ActiveCfg = Debug|Any CPU
		{DA9F171A-41F9-4A69-8258-D6DE5E7743A8}.Debug|Any CPU.Build.0 = Debug|Any CPU
		{DA9F171A-41F9-4A69-8258-D6DE5E7743A8}.Release|Any CPU.ActiveCfg = Release|Any CPU
		{DA9F171A-41F9-4A69-8258-D6DE5E7743A8}.Release|Any CPU.Build.0 = Release|Any CPU
		{F9CD3502-6261-4565-A4FC-80655464E6E5}.Debug|Any CPU.ActiveCfg = Debug|Any CPU
		{F9CD3502-6261-4565-A4FC-80655464E6E5}.Debug|Any CPU.Build.0 = Debug|Any CPU
		{F9CD3502-6261-4565-A4FC-80655464E6E5}.Release|Any CPU.ActiveCfg = Release|Any CPU
		{F9CD3502-6261-4565-A4FC-80655464E6E5}.Release|Any CPU.Build.0 = Release|Any CPU
		{520B83F4-41F8-42FD-A92C-1C06F436FD50}.Debug|Any CPU.ActiveCfg = Debug|Any CPU
		{520B83F4-41F8-42FD-A92C-1C06F436FD50}.Debug|Any CPU.Build.0 = Debug|Any CPU
		{520B83F4-41F8-42FD-A92C-1C06F436FD50}.Release|Any CPU.ActiveCfg = Release|Any CPU
		{520B83F4-41F8-42FD-A92C-1C06F436FD50}.Release|Any CPU.Build.0 = Release|Any CPU
		{A5AC0D66-B072-4D98-8BD4-D0C5EE2E3B15}.Debug|Any CPU.ActiveCfg = Debug|Any CPU
		{A5AC0D66-B072-4D98-8BD4-D0C5EE2E3B15}.Debug|Any CPU.Build.0 = Debug|Any CPU
		{A5AC0D66-B072-4D98-8BD4-D0C5EE2E3B15}.Release|Any CPU.ActiveCfg = Release|Any CPU
		{A5AC0D66-B072-4D98-8BD4-D0C5EE2E3B15}.Release|Any CPU.Build.0 = Release|Any CPU
		{44EF6BB2-DE29-41D7-A612-3133905A87B0}.Debug|Any CPU.ActiveCfg = Debug|Any CPU
		{44EF6BB2-DE29-41D7-A612-3133905A87B0}.Debug|Any CPU.Build.0 = Debug|Any CPU
		{44EF6BB2-DE29-41D7-A612-3133905A87B0}.Release|Any CPU.ActiveCfg = Release|Any CPU
		{44EF6BB2-DE29-41D7-A612-3133905A87B0}.Release|Any CPU.Build.0 = Release|Any CPU
		{277FC8B1-0EF6-47A8-A8CD-FECAAFFAD5CB}.Debug|Any CPU.ActiveCfg = Debug|Any CPU
		{277FC8B1-0EF6-47A8-A8CD-FECAAFFAD5CB}.Debug|Any CPU.Build.0 = Debug|Any CPU
		{277FC8B1-0EF6-47A8-A8CD-FECAAFFAD5CB}.Release|Any CPU.ActiveCfg = Release|Any CPU
		{277FC8B1-0EF6-47A8-A8CD-FECAAFFAD5CB}.Release|Any CPU.Build.0 = Release|Any CPU
		{44182F24-B541-408A-AF5B-7E6D26EBBD2F}.Debug|Any CPU.ActiveCfg = Debug|Any CPU
		{44182F24-B541-408A-AF5B-7E6D26EBBD2F}.Debug|Any CPU.Build.0 = Debug|Any CPU
		{44182F24-B541-408A-AF5B-7E6D26EBBD2F}.Release|Any CPU.ActiveCfg = Release|Any CPU
		{44182F24-B541-408A-AF5B-7E6D26EBBD2F}.Release|Any CPU.Build.0 = Release|Any CPU
		{15F43754-1F43-4ED3-BC24-DFD31A08CCDF}.Debug|Any CPU.ActiveCfg = Debug|Any CPU
		{15F43754-1F43-4ED3-BC24-DFD31A08CCDF}.Debug|Any CPU.Build.0 = Debug|Any CPU
		{15F43754-1F43-4ED3-BC24-DFD31A08CCDF}.Release|Any CPU.ActiveCfg = Release|Any CPU
		{15F43754-1F43-4ED3-BC24-DFD31A08CCDF}.Release|Any CPU.Build.0 = Release|Any CPU
		{118649AC-9246-4B82-AAD9-127514480F61}.Debug|Any CPU.ActiveCfg = Debug|Any CPU
		{118649AC-9246-4B82-AAD9-127514480F61}.Debug|Any CPU.Build.0 = Debug|Any CPU
		{118649AC-9246-4B82-AAD9-127514480F61}.Release|Any CPU.ActiveCfg = Release|Any CPU
		{118649AC-9246-4B82-AAD9-127514480F61}.Release|Any CPU.Build.0 = Release|Any CPU
		{E9CA25E0-8ED4-4FD5-A2DE-4D935DCB69BE}.Debug|Any CPU.ActiveCfg = Debug|Any CPU
		{E9CA25E0-8ED4-4FD5-A2DE-4D935DCB69BE}.Debug|Any CPU.Build.0 = Debug|Any CPU
		{E9CA25E0-8ED4-4FD5-A2DE-4D935DCB69BE}.Release|Any CPU.ActiveCfg = Release|Any CPU
		{E9CA25E0-8ED4-4FD5-A2DE-4D935DCB69BE}.Release|Any CPU.Build.0 = Release|Any CPU
		{8996F3D2-1A45-41D9-A0D5-C690D97A3B91}.Debug|Any CPU.ActiveCfg = Debug|Any CPU
		{8996F3D2-1A45-41D9-A0D5-C690D97A3B91}.Debug|Any CPU.Build.0 = Debug|Any CPU
		{8996F3D2-1A45-41D9-A0D5-C690D97A3B91}.Release|Any CPU.ActiveCfg = Release|Any CPU
		{8996F3D2-1A45-41D9-A0D5-C690D97A3B91}.Release|Any CPU.Build.0 = Release|Any CPU
		{695E6F73-7932-44FA-9678-B46CD6589C96}.Debug|Any CPU.ActiveCfg = Debug|Any CPU
		{695E6F73-7932-44FA-9678-B46CD6589C96}.Debug|Any CPU.Build.0 = Debug|Any CPU
		{695E6F73-7932-44FA-9678-B46CD6589C96}.Release|Any CPU.ActiveCfg = Release|Any CPU
		{695E6F73-7932-44FA-9678-B46CD6589C96}.Release|Any CPU.Build.0 = Release|Any CPU
		{F4BFF589-D99D-48A3-89EB-186C708211F8}.Debug|Any CPU.ActiveCfg = Debug|Any CPU
		{F4BFF589-D99D-48A3-89EB-186C708211F8}.Debug|Any CPU.Build.0 = Debug|Any CPU
		{F4BFF589-D99D-48A3-89EB-186C708211F8}.Release|Any CPU.ActiveCfg = Release|Any CPU
		{F4BFF589-D99D-48A3-89EB-186C708211F8}.Release|Any CPU.Build.0 = Release|Any CPU
		{A2FBFAA6-4DE9-4E3B-9A32-FF3B65BD3C75}.Debug|Any CPU.ActiveCfg = Debug|Any CPU
		{A2FBFAA6-4DE9-4E3B-9A32-FF3B65BD3C75}.Debug|Any CPU.Build.0 = Debug|Any CPU
		{A2FBFAA6-4DE9-4E3B-9A32-FF3B65BD3C75}.Release|Any CPU.ActiveCfg = Release|Any CPU
		{A2FBFAA6-4DE9-4E3B-9A32-FF3B65BD3C75}.Release|Any CPU.Build.0 = Release|Any CPU
		{C01D2AA0-4AC1-4FE6-9A60-B844C61927A6}.Debug|Any CPU.ActiveCfg = Debug|Any CPU
		{C01D2AA0-4AC1-4FE6-9A60-B844C61927A6}.Debug|Any CPU.Build.0 = Debug|Any CPU
		{C01D2AA0-4AC1-4FE6-9A60-B844C61927A6}.Release|Any CPU.ActiveCfg = Release|Any CPU
		{C01D2AA0-4AC1-4FE6-9A60-B844C61927A6}.Release|Any CPU.Build.0 = Release|Any CPU
		{53C79531-3F34-4489-B739-B85A67C28557}.Debug|Any CPU.ActiveCfg = Debug|Any CPU
		{53C79531-3F34-4489-B739-B85A67C28557}.Debug|Any CPU.Build.0 = Debug|Any CPU
		{53C79531-3F34-4489-B739-B85A67C28557}.Release|Any CPU.ActiveCfg = Release|Any CPU
		{53C79531-3F34-4489-B739-B85A67C28557}.Release|Any CPU.Build.0 = Release|Any CPU
		{8851BD0D-48D0-4E47-A696-E8DEA5CDEF3E}.Debug|Any CPU.ActiveCfg = Debug|Any CPU
		{8851BD0D-48D0-4E47-A696-E8DEA5CDEF3E}.Debug|Any CPU.Build.0 = Debug|Any CPU
		{8851BD0D-48D0-4E47-A696-E8DEA5CDEF3E}.Release|Any CPU.ActiveCfg = Release|Any CPU
		{8851BD0D-48D0-4E47-A696-E8DEA5CDEF3E}.Release|Any CPU.Build.0 = Release|Any CPU
		{1D1D6A28-B411-4E31-9CDD-78B645F919D9}.Debug|Any CPU.ActiveCfg = Debug|Any CPU
		{1D1D6A28-B411-4E31-9CDD-78B645F919D9}.Debug|Any CPU.Build.0 = Debug|Any CPU
		{1D1D6A28-B411-4E31-9CDD-78B645F919D9}.Release|Any CPU.ActiveCfg = Release|Any CPU
		{1D1D6A28-B411-4E31-9CDD-78B645F919D9}.Release|Any CPU.Build.0 = Release|Any CPU
		{A003CE4A-2835-4E88-B350-F0FB4CDB0633}.Debug|Any CPU.ActiveCfg = Debug|Any CPU
		{A003CE4A-2835-4E88-B350-F0FB4CDB0633}.Debug|Any CPU.Build.0 = Debug|Any CPU
		{A003CE4A-2835-4E88-B350-F0FB4CDB0633}.Release|Any CPU.ActiveCfg = Release|Any CPU
		{A003CE4A-2835-4E88-B350-F0FB4CDB0633}.Release|Any CPU.Build.0 = Release|Any CPU
		{059086FE-BCB8-4EFD-B652-F8F71C0AE547}.Debug|Any CPU.ActiveCfg = Debug|Any CPU
		{059086FE-BCB8-4EFD-B652-F8F71C0AE547}.Debug|Any CPU.Build.0 = Debug|Any CPU
		{059086FE-BCB8-4EFD-B652-F8F71C0AE547}.Release|Any CPU.ActiveCfg = Release|Any CPU
		{059086FE-BCB8-4EFD-B652-F8F71C0AE547}.Release|Any CPU.Build.0 = Release|Any CPU
		{5EADE1A4-3D42-4987-8D11-87D98C0CAF05}.Debug|Any CPU.ActiveCfg = Debug|Any CPU
		{5EADE1A4-3D42-4987-8D11-87D98C0CAF05}.Debug|Any CPU.Build.0 = Debug|Any CPU
		{5EADE1A4-3D42-4987-8D11-87D98C0CAF05}.Release|Any CPU.ActiveCfg = Release|Any CPU
		{5EADE1A4-3D42-4987-8D11-87D98C0CAF05}.Release|Any CPU.Build.0 = Release|Any CPU
		{1BA1BEF8-5F5D-43C0-AA3F-A87D2824E1BE}.Debug|Any CPU.ActiveCfg = Debug|Any CPU
		{1BA1BEF8-5F5D-43C0-AA3F-A87D2824E1BE}.Debug|Any CPU.Build.0 = Debug|Any CPU
		{1BA1BEF8-5F5D-43C0-AA3F-A87D2824E1BE}.Release|Any CPU.ActiveCfg = Release|Any CPU
		{1BA1BEF8-5F5D-43C0-AA3F-A87D2824E1BE}.Release|Any CPU.Build.0 = Release|Any CPU
		{2B8D7AFF-B964-4EA2-A449-2078207D38CB}.Debug|Any CPU.ActiveCfg = Debug|Any CPU
		{2B8D7AFF-B964-4EA2-A449-2078207D38CB}.Debug|Any CPU.Build.0 = Debug|Any CPU
		{2B8D7AFF-B964-4EA2-A449-2078207D38CB}.Release|Any CPU.ActiveCfg = Release|Any CPU
		{2B8D7AFF-B964-4EA2-A449-2078207D38CB}.Release|Any CPU.Build.0 = Release|Any CPU
		{C5D9564C-3F38-457A-A488-FCAA84697945}.Debug|Any CPU.ActiveCfg = Debug|Any CPU
		{C5D9564C-3F38-457A-A488-FCAA84697945}.Debug|Any CPU.Build.0 = Debug|Any CPU
		{C5D9564C-3F38-457A-A488-FCAA84697945}.Release|Any CPU.ActiveCfg = Release|Any CPU
		{C5D9564C-3F38-457A-A488-FCAA84697945}.Release|Any CPU.Build.0 = Release|Any CPU
		{CC4ADDB4-8FD9-4416-AC41-F529FFC666BE}.Debug|Any CPU.ActiveCfg = Debug|Any CPU
		{CC4ADDB4-8FD9-4416-AC41-F529FFC666BE}.Debug|Any CPU.Build.0 = Debug|Any CPU
		{CC4ADDB4-8FD9-4416-AC41-F529FFC666BE}.Release|Any CPU.ActiveCfg = Release|Any CPU
		{CC4ADDB4-8FD9-4416-AC41-F529FFC666BE}.Release|Any CPU.Build.0 = Release|Any CPU
	EndGlobalSection
	GlobalSection(SolutionProperties) = preSolution
		HideSolutionNode = FALSE
	EndGlobalSection
	GlobalSection(NestedProjects) = preSolution
		{DFBFE8B0-39D4-4FA3-9BBF-F6A664C6ACC3} = {DC7E36F1-B617-456F-BADF-4B5E80E1AAF0}
		{B8F7F7F2-588A-4320-B48D-775A83664621} = {DC7E36F1-B617-456F-BADF-4B5E80E1AAF0}
		{4FC49C4D-0F82-49A5-A84F-447A8DAB2EFE} = {DC7E36F1-B617-456F-BADF-4B5E80E1AAF0}
		{C45A4CB0-DA40-4BD4-9BBD-86F52ADD6AE3} = {DC7E36F1-B617-456F-BADF-4B5E80E1AAF0}
		{D1A348F2-8148-4ABA-A83B-E6F45DCCBF6E} = {DC7E36F1-B617-456F-BADF-4B5E80E1AAF0}
		{6A273DAA-3431-4B55-83B5-572C7B440C15} = {DC7E36F1-B617-456F-BADF-4B5E80E1AAF0}
		{8B0B3FF8-04B3-4D59-B0BC-0EC31AFD90F5} = {DC7E36F1-B617-456F-BADF-4B5E80E1AAF0}
		{5C7EDFB1-C76B-4F31-A771-AC301513CC88} = {DC7E36F1-B617-456F-BADF-4B5E80E1AAF0}
		{3B4482B6-71BD-45A9-9654-2B6DAD9C07C9} = {DC7E36F1-B617-456F-BADF-4B5E80E1AAF0}
		{88FBF0F2-9A53-499F-9BB1-42FA98063850} = {DC7E36F1-B617-456F-BADF-4B5E80E1AAF0}
		{D7D999FD-001D-4DEC-85AA-5C432D0AC13D} = {DC7E36F1-B617-456F-BADF-4B5E80E1AAF0}
		{993F314E-0718-42EF-B631-A0E9A0976D6D} = {DC7E36F1-B617-456F-BADF-4B5E80E1AAF0}
		{904ECFAE-106F-4DA9-935E-AD5656FEE166} = {DC7E36F1-B617-456F-BADF-4B5E80E1AAF0}
		{5DCF9125-7C3C-4EF5-B596-05C968D708CF} = {DC7E36F1-B617-456F-BADF-4B5E80E1AAF0}
		{5B80211E-2800-4D3F-B940-AE8E8626BCC1} = {DC7E36F1-B617-456F-BADF-4B5E80E1AAF0}
		{EC1583DA-5437-4C84-BF4B-7F3BB728F6C8} = {DC7E36F1-B617-456F-BADF-4B5E80E1AAF0}
		{E5B91C9B-8CA2-4C80-B732-2E0BECDD2706} = {DC7E36F1-B617-456F-BADF-4B5E80E1AAF0}
		{D41A1A28-E586-486B-BB67-A7742A3C4747} = {BADEFE3C-AD96-4A95-9F3F-CB67A8F3C627}
		{CF4BDF34-AED0-43A7-96E5-6327B423278F} = {BADEFE3C-AD96-4A95-9F3F-CB67A8F3C627}
		{735949C7-F4B8-4A3D-84E2-65582F488EF0} = {BADEFE3C-AD96-4A95-9F3F-CB67A8F3C627}
		{DA9F171A-41F9-4A69-8258-D6DE5E7743A8} = {BADEFE3C-AD96-4A95-9F3F-CB67A8F3C627}
		{F9CD3502-6261-4565-A4FC-80655464E6E5} = {BADEFE3C-AD96-4A95-9F3F-CB67A8F3C627}
		{520B83F4-41F8-42FD-A92C-1C06F436FD50} = {BADEFE3C-AD96-4A95-9F3F-CB67A8F3C627}
		{A5AC0D66-B072-4D98-8BD4-D0C5EE2E3B15} = {BADEFE3C-AD96-4A95-9F3F-CB67A8F3C627}
		{44EF6BB2-DE29-41D7-A612-3133905A87B0} = {109FBFDD-6C75-44F5-B94E-BF2945F4048D}
		{277FC8B1-0EF6-47A8-A8CD-FECAAFFAD5CB} = {109FBFDD-6C75-44F5-B94E-BF2945F4048D}
		{44182F24-B541-408A-AF5B-7E6D26EBBD2F} = {109FBFDD-6C75-44F5-B94E-BF2945F4048D}
		{15F43754-1F43-4ED3-BC24-DFD31A08CCDF} = {109FBFDD-6C75-44F5-B94E-BF2945F4048D}
		{118649AC-9246-4B82-AAD9-127514480F61} = {109FBFDD-6C75-44F5-B94E-BF2945F4048D}
		{E9CA25E0-8ED4-4FD5-A2DE-4D935DCB69BE} = {109FBFDD-6C75-44F5-B94E-BF2945F4048D}
		{8996F3D2-1A45-41D9-A0D5-C690D97A3B91} = {109FBFDD-6C75-44F5-B94E-BF2945F4048D}
		{695E6F73-7932-44FA-9678-B46CD6589C96} = {A88EAD69-9AD3-4463-BE74-30EE94C7E516}
		{F4BFF589-D99D-48A3-89EB-186C708211F8} = {A88EAD69-9AD3-4463-BE74-30EE94C7E516}
		{A2FBFAA6-4DE9-4E3B-9A32-FF3B65BD3C75} = {2001E3BE-37C5-42DB-997E-0427600793D2}
		{C01D2AA0-4AC1-4FE6-9A60-B844C61927A6} = {2001E3BE-37C5-42DB-997E-0427600793D2}
		{53C79531-3F34-4489-B739-B85A67C28557} = {2001E3BE-37C5-42DB-997E-0427600793D2}
		{8851BD0D-48D0-4E47-A696-E8DEA5CDEF3E} = {2001E3BE-37C5-42DB-997E-0427600793D2}
		{1D1D6A28-B411-4E31-9CDD-78B645F919D9} = {2001E3BE-37C5-42DB-997E-0427600793D2}
		{A003CE4A-2835-4E88-B350-F0FB4CDB0633} = {2001E3BE-37C5-42DB-997E-0427600793D2}
		{059086FE-BCB8-4EFD-B652-F8F71C0AE547} = {2001E3BE-37C5-42DB-997E-0427600793D2}
		{5EADE1A4-3D42-4987-8D11-87D98C0CAF05} = {2001E3BE-37C5-42DB-997E-0427600793D2}
		{1BA1BEF8-5F5D-43C0-AA3F-A87D2824E1BE} = {1DA71CFD-3CDC-4B89-8711-5B39AFD32E3A}
		{2B8D7AFF-B964-4EA2-A449-2078207D38CB} = {1DA71CFD-3CDC-4B89-8711-5B39AFD32E3A}
		{C5D9564C-3F38-457A-A488-FCAA84697945} = {1DA71CFD-3CDC-4B89-8711-5B39AFD32E3A}
		{CC4ADDB4-8FD9-4416-AC41-F529FFC666BE} = {1DA71CFD-3CDC-4B89-8711-5B39AFD32E3A}
	EndGlobalSection
	GlobalSection(ExtensibilityGlobals) = postSolution
		SolutionGuid = {FCE5FF71-2839-4294-A9AF-384FED549661}
	EndGlobalSection
EndGlobal
